
Microsoft Visual Studio Solution File, Format Version 12.00
# Visual Studio Version 16
VisualStudioVersion = 16.0.34114.132
MinimumVisualStudioVersion = 10.0.40219.1
Project("{888888A0-9F3D-457C-B088-3A5042F75D52}") = "order_program", "order_program\order_program.pyproj", "{30A13208-E461-4385-BB24-DA2CB0907C44}"
EndProject
Global
	GlobalSection(SolutionConfigurationPlatforms) = preSolution
		Debug|Any CPU = Debug|Any CPU
		Release|Any CPU = Release|Any CPU
	EndGlobalSection
	GlobalSection(ProjectConfigurationPlatforms) = postSolution
		{30A13208-E461-4385-BB24-DA2CB0907C44}.Debug|Any CPU.ActiveCfg = Debug|Any CPU
		{30A13208-E461-4385-BB24-DA2CB0907C44}.Release|Any CPU.ActiveCfg = Release|Any CPU
	EndGlobalSection
	GlobalSection(SolutionProperties) = preSolution
		HideSolutionNode = FALSE
	EndGlobalSection
	GlobalSection(ExtensibilityGlobals) = postSolution
		SolutionGuid = {7C4DBDE2-A76B-46F2-8880-B7F3758FCE95}
	EndGlobalSection
EndGlobal
